
Microsoft Visual Studio Solution File, Format Version 12.00
# Visual Studio Version 17
VisualStudioVersion = 17.1.32407.343
MinimumVisualStudioVersion = 10.0.40219.1
Project("{FAE04EC0-301F-11D3-BF4B-00C04F79EFBC}") = "MobMusicApp.Android", "MobMusicApp\MobMusicApp.Android\MobMusicApp.Android.csproj", "{44BE2339-E509-4138-9CBD-5F5A1F053248}"
EndProject
Project("{FAE04EC0-301F-11D3-BF4B-00C04F79EFBC}") = "MobMusicApp", "MobMusicApp\MobMusicApp\MobMusicApp.csproj", "{0BCE6F55-1DF5-47F1-9761-1B78CA8B72B6}"
EndProject
Global
	GlobalSection(SolutionConfigurationPlatforms) = preSolution
		Debug|Any CPU = Debug|Any CPU
		Release|Any CPU = Release|Any CPU
	EndGlobalSection
	GlobalSection(ProjectConfigurationPlatforms) = postSolution
		{44BE2339-E509-4138-9CBD-5F5A1F053248}.Debug|Any CPU.ActiveCfg = Debug|Any CPU
		{44BE2339-E509-4138-9CBD-5F5A1F053248}.Debug|Any CPU.Build.0 = Debug|Any CPU
		{44BE2339-E509-4138-9CBD-5F5A1F053248}.Debug|Any CPU.Deploy.0 = Debug|Any CPU
		{44BE2339-E509-4138-9CBD-5F5A1F053248}.Release|Any CPU.ActiveCfg = Release|Any CPU
		{44BE2339-E509-4138-9CBD-5F5A1F053248}.Release|Any CPU.Build.0 = Release|Any CPU
		{44BE2339-E509-4138-9CBD-5F5A1F053248}.Release|Any CPU.Deploy.0 = Release|Any CPU
		{0BCE6F55-1DF5-47F1-9761-1B78CA8B72B6}.Debug|Any CPU.ActiveCfg = Debug|Any CPU
		{0BCE6F55-1DF5-47F1-9761-1B78CA8B72B6}.Debug|Any CPU.Build.0 = Debug|Any CPU
		{0BCE6F55-1DF5-47F1-9761-1B78CA8B72B6}.Debug|Any CPU.Deploy.0 = Debug|Any CPU
		{0BCE6F55-1DF5-47F1-9761-1B78CA8B72B6}.Release|Any CPU.ActiveCfg = Release|Any CPU
		{0BCE6F55-1DF5-47F1-9761-1B78CA8B72B6}.Release|Any CPU.Build.0 = Release|Any CPU
		{0BCE6F55-1DF5-47F1-9761-1B78CA8B72B6}.Release|Any CPU.Deploy.0 = Release|Any CPU
	EndGlobalSection
	GlobalSection(SolutionProperties) = preSolution
		HideSolutionNode = FALSE
	EndGlobalSection
	GlobalSection(ExtensibilityGlobals) = postSolution
		SolutionGuid = {0FBFDEAD-3BE6-4E80-B44D-C4A4A074592A}
	EndGlobalSection
EndGlobal
